// !$*UTF8*$!
{
	archiveVersion = 1;
	classes = {
	};
	objectVersion = 50;
	objects = {

/* Begin PBXBuildFile section */
		853334E325D76096005BFF51 /* ScrumdingerApp.swift in Sources */ = {isa = PBXBuildFile; fileRef = 853334E225D76096005BFF51 /* ScrumdingerApp.swift */; };
		853334E525D76096005BFF51 /* MeetingView.swift in Sources */ = {isa = PBXBuildFile; fileRef = 853334E425D76096005BFF51 /* MeetingView.swift */; };
		853334E725D76099005BFF51 /* Assets.xcassets in Resources */ = {isa = PBXBuildFile; fileRef = 853334E625D76099005BFF51 /* Assets.xcassets */; };
		853334EA25D76099005BFF51 /* Preview Assets.xcassets in Resources */ = {isa = PBXBuildFile; fileRef = 853334E925D76099005BFF51 /* Preview Assets.xcassets */; };
		853334F525D7609A005BFF51 /* ScrumdingerTests.swift in Sources */ = {isa = PBXBuildFile; fileRef = 853334F425D7609A005BFF51 /* ScrumdingerTests.swift */; };
		8533350025D7609A005BFF51 /* ScrumdingerUITests.swift in Sources */ = {isa = PBXBuildFile; fileRef = 853334FF25D7609A005BFF51 /* ScrumdingerUITests.swift */; };
		8533351425D78356005BFF51 /* DailyScrum.swift in Sources */ = {isa = PBXBuildFile; fileRef = 8533351325D78356005BFF51 /* DailyScrum.swift */; };
		8533351925D783AB005BFF51 /* CardView.swift in Sources */ = {isa = PBXBuildFile; fileRef = 8533351825D783AB005BFF51 /* CardView.swift */; };
		854EBCFC25D790FD00209263 /* Color+Codable.swift in Sources */ = {isa = PBXBuildFile; fileRef = 854EBCFB25D790FD00209263 /* Color+Codable.swift */; };
		854EBD0E25D7928B00209263 /* ScrumsView.swift in Sources */ = {isa = PBXBuildFile; fileRef = 854EBD0D25D7928B00209263 /* ScrumsView.swift */; };
		854EBD1625D7A8DD00209263 /* DetailView.swift in Sources */ = {isa = PBXBuildFile; fileRef = 854EBD1525D7A8DD00209263 /* DetailView.swift */; };
		854EBD1B25D7ACAF00209263 /* EditView.swift in Sources */ = {isa = PBXBuildFile; fileRef = 854EBD1A25D7ACAF00209263 /* EditView.swift */; };
		854EBD2925DA0F1400209263 /* MeetingHeaderView.swift in Sources */ = {isa = PBXBuildFile; fileRef = 854EBD2825DA0F1400209263 /* MeetingHeaderView.swift */; };
		854EBD2E25DA112B00209263 /* ScrumProgressViewStyle.swift in Sources */ = {isa = PBXBuildFile; fileRef = 854EBD2D25DA112B00209263 /* ScrumProgressViewStyle.swift */; };
		854EBD3625DA131800209263 /* ScrumTimer.swift in Sources */ = {isa = PBXBuildFile; fileRef = 854EBD3525DA131800209263 /* ScrumTimer.swift */; };
		854EBD3B25DA14C400209263 /* MeetingFooterView.swift in Sources */ = {isa = PBXBuildFile; fileRef = 854EBD3A25DA14C400209263 /* MeetingFooterView.swift */; };
		854EBD4025DA166900209263 /* AVPlayer.swift in Sources */ = {isa = PBXBuildFile; fileRef = 854EBD3F25DA166900209263 /* AVPlayer.swift */; };
/* End PBXBuildFile section */

/* Begin PBXContainerItemProxy section */
		853334F125D7609A005BFF51 /* PBXContainerItemProxy */ = {
			isa = PBXContainerItemProxy;
			containerPortal = 853334D725D76096005BFF51 /* Project object */;
			proxyType = 1;
			remoteGlobalIDString = 853334DE25D76096005BFF51;
			remoteInfo = Scrumdinger;
		};
		853334FC25D7609A005BFF51 /* PBXContainerItemProxy */ = {
			isa = PBXContainerItemProxy;
			containerPortal = 853334D725D76096005BFF51 /* Project object */;
			proxyType = 1;
			remoteGlobalIDString = 853334DE25D76096005BFF51;
			remoteInfo = Scrumdinger;
		};
/* End PBXContainerItemProxy section */

/* Begin PBXFileReference section */
		853334DF25D76096005BFF51 /* Scrumdinger.app */ = {isa = PBXFileReference; explicitFileType = wrapper.application; includeInIndex = 0; path = Scrumdinger.app; sourceTree = BUILT_PRODUCTS_DIR; };
		853334E225D76096005BFF51 /* ScrumdingerApp.swift */ = {isa = PBXFileReference; lastKnownFileType = sourcecode.swift; path = ScrumdingerApp.swift; sourceTree = "<group>"; };
		853334E425D76096005BFF51 /* MeetingView.swift */ = {isa = PBXFileReference; lastKnownFileType = sourcecode.swift; path = MeetingView.swift; sourceTree = "<group>"; };
		853334E625D76099005BFF51 /* Assets.xcassets */ = {isa = PBXFileReference; lastKnownFileType = folder.assetcatalog; path = Assets.xcassets; sourceTree = "<group>"; };
		853334E925D76099005BFF51 /* Preview Assets.xcassets */ = {isa = PBXFileReference; lastKnownFileType = folder.assetcatalog; path = "Preview Assets.xcassets"; sourceTree = "<group>"; };
		853334EB25D76099005BFF51 /* Info.plist */ = {isa = PBXFileReference; lastKnownFileType = text.plist.xml; path = Info.plist; sourceTree = "<group>"; };
		853334F025D7609A005BFF51 /* ScrumdingerTests.xctest */ = {isa = PBXFileReference; explicitFileType = wrapper.cfbundle; includeInIndex = 0; path = ScrumdingerTests.xctest; sourceTree = BUILT_PRODUCTS_DIR; };
		853334F425D7609A005BFF51 /* ScrumdingerTests.swift */ = {isa = PBXFileReference; lastKnownFileType = sourcecode.swift; path = ScrumdingerTests.swift; sourceTree = "<group>"; };
		853334F625D7609A005BFF51 /* Info.plist */ = {isa = PBXFileReference; lastKnownFileType = text.plist.xml; path = Info.plist; sourceTree = "<group>"; };
		853334FB25D7609A005BFF51 /* ScrumdingerUITests.xctest */ = {isa = PBXFileReference; explicitFileType = wrapper.cfbundle; includeInIndex = 0; path = ScrumdingerUITests.xctest; sourceTree = BUILT_PRODUCTS_DIR; };
		853334FF25D7609A005BFF51 /* ScrumdingerUITests.swift */ = {isa = PBXFileReference; lastKnownFileType = sourcecode.swift; path = ScrumdingerUITests.swift; sourceTree = "<group>"; };
		8533350125D7609A005BFF51 /* Info.plist */ = {isa = PBXFileReference; lastKnownFileType = text.plist.xml; path = Info.plist; sourceTree = "<group>"; };
		8533351325D78356005BFF51 /* DailyScrum.swift */ = {isa = PBXFileReference; lastKnownFileType = sourcecode.swift; path = DailyScrum.swift; sourceTree = "<group>"; };
		8533351825D783AB005BFF51 /* CardView.swift */ = {isa = PBXFileReference; lastKnownFileType = sourcecode.swift; path = CardView.swift; sourceTree = "<group>"; };
		854EBCFB25D790FD00209263 /* Color+Codable.swift */ = {isa = PBXFileReference; fileEncoding = 4; lastKnownFileType = sourcecode.swift; path = "Color+Codable.swift"; sourceTree = "<group>"; };
		854EBD0D25D7928B00209263 /* ScrumsView.swift */ = {isa = PBXFileReference; lastKnownFileType = sourcecode.swift; path = ScrumsView.swift; sourceTree = "<group>"; };
		854EBD1525D7A8DD00209263 /* DetailView.swift */ = {isa = PBXFileReference; lastKnownFileType = sourcecode.swift; path = DetailView.swift; sourceTree = "<group>"; };
		854EBD1A25D7ACAF00209263 /* EditView.swift */ = {isa = PBXFileReference; lastKnownFileType = sourcecode.swift; path = EditView.swift; sourceTree = "<group>"; };
		854EBD2825DA0F1400209263 /* MeetingHeaderView.swift */ = {isa = PBXFileReference; lastKnownFileType = sourcecode.swift; path = MeetingHeaderView.swift; sourceTree = "<group>"; };
		854EBD2D25DA112B00209263 /* ScrumProgressViewStyle.swift */ = {isa = PBXFileReference; lastKnownFileType = sourcecode.swift; path = ScrumProgressViewStyle.swift; sourceTree = "<group>"; };
		854EBD3525DA131800209263 /* ScrumTimer.swift */ = {isa = PBXFileReference; lastKnownFileType = sourcecode.swift; path = ScrumTimer.swift; sourceTree = "<group>"; };
		854EBD3A25DA14C400209263 /* MeetingFooterView.swift */ = {isa = PBXFileReference; lastKnownFileType = sourcecode.swift; path = MeetingFooterView.swift; sourceTree = "<group>"; };
		854EBD3F25DA166900209263 /* AVPlayer.swift */ = {isa = PBXFileReference; lastKnownFileType = sourcecode.swift; path = AVPlayer.swift; sourceTree = "<group>"; };
/* End PBXFileReference section */

/* Begin PBXFrameworksBuildPhase section */
		853334DC25D76096005BFF51 /* Frameworks */ = {
			isa = PBXFrameworksBuildPhase;
			buildActionMask = 2147483647;
			files = (
			);
			runOnlyForDeploymentPostprocessing = 0;
		};
		853334ED25D7609A005BFF51 /* Frameworks */ = {
			isa = PBXFrameworksBuildPhase;
			buildActionMask = 2147483647;
			files = (
			);
			runOnlyForDeploymentPostprocessing = 0;
		};
		853334F825D7609A005BFF51 /* Frameworks */ = {
			isa = PBXFrameworksBuildPhase;
			buildActionMask = 2147483647;
			files = (
			);
			runOnlyForDeploymentPostprocessing = 0;
		};
/* End PBXFrameworksBuildPhase section */

/* Begin PBXGroup section */
		853334D625D76096005BFF51 = {
			isa = PBXGroup;
			children = (
				853334E125D76096005BFF51 /* Scrumdinger */,
				853334F325D7609A005BFF51 /* ScrumdingerTests */,
				853334FE25D7609A005BFF51 /* ScrumdingerUITests */,
				853334E025D76096005BFF51 /* Products */,
			);
			sourceTree = "<group>";
		};
		853334E025D76096005BFF51 /* Products */ = {
			isa = PBXGroup;
			children = (
				853334DF25D76096005BFF51 /* Scrumdinger.app */,
				853334F025D7609A005BFF51 /* ScrumdingerTests.xctest */,
				853334FB25D7609A005BFF51 /* ScrumdingerUITests.xctest */,
			);
			name = Products;
			sourceTree = "<group>";
		};
		853334E125D76096005BFF51 /* Scrumdinger */ = {
			isa = PBXGroup;
			children = (
				854EBCF725D790CC00209263 /* Models */,
				853334E225D76096005BFF51 /* ScrumdingerApp.swift */,
				854EBD1A25D7ACAF00209263 /* EditView.swift */,
				853334E425D76096005BFF51 /* MeetingView.swift */,
				854EBD2825DA0F1400209263 /* MeetingHeaderView.swift */,
				8533351825D783AB005BFF51 /* CardView.swift */,
				854EBD0D25D7928B00209263 /* ScrumsView.swift */,
				854EBD1525D7A8DD00209263 /* DetailView.swift */,
				853334E625D76099005BFF51 /* Assets.xcassets */,
				853334EB25D76099005BFF51 /* Info.plist */,
				854EBD2D25DA112B00209263 /* ScrumProgressViewStyle.swift */,
				853334E825D76099005BFF51 /* Preview Content */,
				854EBD3A25DA14C400209263 /* MeetingFooterView.swift */,
			);
			path = Scrumdinger;
			sourceTree = "<group>";
		};
		853334E825D76099005BFF51 /* Preview Content */ = {
			isa = PBXGroup;
			children = (
				853334E925D76099005BFF51 /* Preview Assets.xcassets */,
			);
			path = "Preview Content";
			sourceTree = "<group>";
		};
		853334F325D7609A005BFF51 /* ScrumdingerTests */ = {
			isa = PBXGroup;
			children = (
				853334F425D7609A005BFF51 /* ScrumdingerTests.swift */,
				853334F625D7609A005BFF51 /* Info.plist */,
			);
			path = ScrumdingerTests;
			sourceTree = "<group>";
		};
		853334FE25D7609A005BFF51 /* ScrumdingerUITests */ = {
			isa = PBXGroup;
			children = (
				853334FF25D7609A005BFF51 /* ScrumdingerUITests.swift */,
				8533350125D7609A005BFF51 /* Info.plist */,
			);
			path = ScrumdingerUITests;
			sourceTree = "<group>";
		};
		854EBCF725D790CC00209263 /* Models */ = {
			isa = PBXGroup;
			children = (
				8533351325D78356005BFF51 /* DailyScrum.swift */,
				854EBCFB25D790FD00209263 /* Color+Codable.swift */,
				854EBD3525DA131800209263 /* ScrumTimer.swift */,
				854EBD3F25DA166900209263 /* AVPlayer.swift */,
			);
			path = Models;
			sourceTree = "<group>";
		};
/* End PBXGroup section */

/* Begin PBXNativeTarget section */
		853334DE25D76096005BFF51 /* Scrumdinger */ = {
			isa = PBXNativeTarget;
			buildConfigurationList = 8533350425D7609A005BFF51 /* Build configuration list for PBXNativeTarget "Scrumdinger" */;
			buildPhases = (
				853334DB25D76096005BFF51 /* Sources */,
				853334DC25D76096005BFF51 /* Frameworks */,
				853334DD25D76096005BFF51 /* Resources */,
			);
			buildRules = (
			);
			dependencies = (
			);
			name = Scrumdinger;
			productName = Scrumdinger;
			productReference = 853334DF25D76096005BFF51 /* Scrumdinger.app */;
			productType = "com.apple.product-type.application";
		};
		853334EF25D7609A005BFF51 /* ScrumdingerTests */ = {
			isa = PBXNativeTarget;
			buildConfigurationList = 8533350725D7609A005BFF51 /* Build configuration list for PBXNativeTarget "ScrumdingerTests" */;
			buildPhases = (
				853334EC25D7609A005BFF51 /* Sources */,
				853334ED25D7609A005BFF51 /* Frameworks */,
				853334EE25D7609A005BFF51 /* Resources */,
			);
			buildRules = (
			);
			dependencies = (
				853334F225D7609A005BFF51 /* PBXTargetDependency */,
			);
			name = ScrumdingerTests;
			productName = ScrumdingerTests;
			productReference = 853334F025D7609A005BFF51 /* ScrumdingerTests.xctest */;
			productType = "com.apple.product-type.bundle.unit-test";
		};
		853334FA25D7609A005BFF51 /* ScrumdingerUITests */ = {
			isa = PBXNativeTarget;
			buildConfigurationList = 8533350A25D7609A005BFF51 /* Build configuration list for PBXNativeTarget "ScrumdingerUITests" */;
			buildPhases = (
				853334F725D7609A005BFF51 /* Sources */,
				853334F825D7609A005BFF51 /* Frameworks */,
				853334F925D7609A005BFF51 /* Resources */,
			);
			buildRules = (
			);
			dependencies = (
				853334FD25D7609A005BFF51 /* PBXTargetDependency */,
			);
			name = ScrumdingerUITests;
			productName = ScrumdingerUITests;
			productReference = 853334FB25D7609A005BFF51 /* ScrumdingerUITests.xctest */;
			productType = "com.apple.product-type.bundle.ui-testing";
		};
/* End PBXNativeTarget section */

/* Begin PBXProject section */
		853334D725D76096005BFF51 /* Project object */ = {
			isa = PBXProject;
			attributes = {
				LastSwiftUpdateCheck = 1240;
				LastUpgradeCheck = 1240;
				TargetAttributes = {
					853334DE25D76096005BFF51 = {
						CreatedOnToolsVersion = 12.4;
					};
					853334EF25D7609A005BFF51 = {
						CreatedOnToolsVersion = 12.4;
						TestTargetID = 853334DE25D76096005BFF51;
					};
					853334FA25D7609A005BFF51 = {
						CreatedOnToolsVersion = 12.4;
						TestTargetID = 853334DE25D76096005BFF51;
					};
				};
			};
			buildConfigurationList = 853334DA25D76096005BFF51 /* Build configuration list for PBXProject "Scrumdinger" */;
			compatibilityVersion = "Xcode 9.3";
			developmentRegion = en;
			hasScannedForEncodings = 0;
			knownRegions = (
				en,
				Base,
			);
			mainGroup = 853334D625D76096005BFF51;
			productRefGroup = 853334E025D76096005BFF51 /* Products */;
			projectDirPath = "";
			projectRoot = "";
			targets = (
				853334DE25D76096005BFF51 /* Scrumdinger */,
				853334EF25D7609A005BFF51 /* ScrumdingerTests */,
				853334FA25D7609A005BFF51 /* ScrumdingerUITests */,
			);
		};
/* End PBXProject section */

/* Begin PBXResourcesBuildPhase section */
		853334DD25D76096005BFF51 /* Resources */ = {
			isa = PBXResourcesBuildPhase;
			buildActionMask = 2147483647;
			files = (
				853334EA25D76099005BFF51 /* Preview Assets.xcassets in Resources */,
				853334E725D76099005BFF51 /* Assets.xcassets in Resources */,
			);
			runOnlyForDeploymentPostprocessing = 0;
		};
		853334EE25D7609A005BFF51 /* Resources */ = {
			isa = PBXResourcesBuildPhase;
			buildActionMask = 2147483647;
			files = (
			);
			runOnlyForDeploymentPostprocessing = 0;
		};
		853334F925D7609A005BFF51 /* Resources */ = {
			isa = PBXResourcesBuildPhase;
			buildActionMask = 2147483647;
			files = (
			);
			runOnlyForDeploymentPostprocessing = 0;
		};
/* End PBXResourcesBuildPhase section */

/* Begin PBXSourcesBuildPhase section */
		853334DB25D76096005BFF51 /* Sources */ = {
			isa = PBXSourcesBuildPhase;
			buildActionMask = 2147483647;
			files = (
				853334E525D76096005BFF51 /* MeetingView.swift in Sources */,
				854EBD0E25D7928B00209263 /* ScrumsView.swift in Sources */,
				854EBD1B25D7ACAF00209263 /* EditView.swift in Sources */,
				854EBD2925DA0F1400209263 /* MeetingHeaderView.swift in Sources */,
				8533351425D78356005BFF51 /* DailyScrum.swift in Sources */,
				854EBD3B25DA14C400209263 /* MeetingFooterView.swift in Sources */,
				854EBD1625D7A8DD00209263 /* DetailView.swift in Sources */,
				854EBD3625DA131800209263 /* ScrumTimer.swift in Sources */,
				8533351925D783AB005BFF51 /* CardView.swift in Sources */,
				854EBCFC25D790FD00209263 /* Color+Codable.swift in Sources */,
				854EBD2E25DA112B00209263 /* ScrumProgressViewStyle.swift in Sources */,
				854EBD4025DA166900209263 /* AVPlayer.swift in Sources */,
				853334E325D76096005BFF51 /* ScrumdingerApp.swift in Sources */,
			);
			runOnlyForDeploymentPostprocessing = 0;
		};
		853334EC25D7609A005BFF51 /* Sources */ = {
			isa = PBXSourcesBuildPhase;
			buildActionMask = 2147483647;
			files = (
				853334F525D7609A005BFF51 /* ScrumdingerTests.swift in Sources */,
			);
			runOnlyForDeploymentPostprocessing = 0;
		};
		853334F725D7609A005BFF51 /* Sources */ = {
			isa = PBXSourcesBuildPhase;
			buildActionMask = 2147483647;
			files = (
				8533350025D7609A005BFF51 /* ScrumdingerUITests.swift in Sources */,
			);
			runOnlyForDeploymentPostprocessing = 0;
		};
/* End PBXSourcesBuildPhase section */

/* Begin PBXTargetDependency section */
		853334F225D7609A005BFF51 /* PBXTargetDependency */ = {
			isa = PBXTargetDependency;
			target = 853334DE25D76096005BFF51 /* Scrumdinger */;
			targetProxy = 853334F125D7609A005BFF51 /* PBXContainerItemProxy */;
		};
		853334FD25D7609A005BFF51 /* PBXTargetDependency */ = {
			isa = PBXTargetDependency;
			target = 853334DE25D76096005BFF51 /* Scrumdinger */;
			targetProxy = 853334FC25D7609A005BFF51 /* PBXContainerItemProxy */;
		};
/* End PBXTargetDependency section */

/* Begin XCBuildConfiguration section */
		8533350225D7609A005BFF51 /* Debug */ = {
			isa = XCBuildConfiguration;
			buildSettings = {
				ALWAYS_SEARCH_USER_PATHS = NO;
				CLANG_ANALYZER_NONNULL = YES;
				CLANG_ANALYZER_NUMBER_OBJECT_CONVERSION = YES_AGGRESSIVE;
				CLANG_CXX_LANGUAGE_STANDARD = "gnu++14";
				CLANG_CXX_LIBRARY = "libc++";
				CLANG_ENABLE_MODULES = YES;
				CLANG_ENABLE_OBJC_ARC = YES;
				CLANG_ENABLE_OBJC_WEAK = YES;
				CLANG_WARN_BLOCK_CAPTURE_AUTORELEASING = YES;
				CLANG_WARN_BOOL_CONVERSION = YES;
				CLANG_WARN_COMMA = YES;
				CLANG_WARN_CONSTANT_CONVERSION = YES;
				CLANG_WARN_DEPRECATED_OBJC_IMPLEMENTATIONS = YES;
				CLANG_WARN_DIRECT_OBJC_ISA_USAGE = YES_ERROR;
				CLANG_WARN_DOCUMENTATION_COMMENTS = YES;
				CLANG_WARN_EMPTY_BODY = YES;
				CLANG_WARN_ENUM_CONVERSION = YES;
				CLANG_WARN_INFINITE_RECURSION = YES;
				CLANG_WARN_INT_CONVERSION = YES;
				CLANG_WARN_NON_LITERAL_NULL_CONVERSION = YES;
				CLANG_WARN_OBJC_IMPLICIT_RETAIN_SELF = YES;
				CLANG_WARN_OBJC_LITERAL_CONVERSION = YES;
				CLANG_WARN_OBJC_ROOT_CLASS = YES_ERROR;
				CLANG_WARN_QUOTED_INCLUDE_IN_FRAMEWORK_HEADER = YES;
				CLANG_WARN_RANGE_LOOP_ANALYSIS = YES;
				CLANG_WARN_STRICT_PROTOTYPES = YES;
				CLANG_WARN_SUSPICIOUS_MOVE = YES;
				CLANG_WARN_UNGUARDED_AVAILABILITY = YES_AGGRESSIVE;
				CLANG_WARN_UNREACHABLE_CODE = YES;
				CLANG_WARN__DUPLICATE_METHOD_MATCH = YES;
				COPY_PHASE_STRIP = NO;
				DEBUG_INFORMATION_FORMAT = dwarf;
				ENABLE_STRICT_OBJC_MSGSEND = YES;
				ENABLE_TESTABILITY = YES;
				GCC_C_LANGUAGE_STANDARD = gnu11;
				GCC_DYNAMIC_NO_PIC = NO;
				GCC_NO_COMMON_BLOCKS = YES;
				GCC_OPTIMIZATION_LEVEL = 0;
				GCC_PREPROCESSOR_DEFINITIONS = (
					"DEBUG=1",
					"$(inherited)",
				);
				GCC_WARN_64_TO_32_BIT_CONVERSION = YES;
				GCC_WARN_ABOUT_RETURN_TYPE = YES_ERROR;
				GCC_WARN_UNDECLARED_SELECTOR = YES;
				GCC_WARN_UNINITIALIZED_AUTOS = YES_AGGRESSIVE;
				GCC_WARN_UNUSED_FUNCTION = YES;
				GCC_WARN_UNUSED_VARIABLE = YES;
				IPHONEOS_DEPLOYMENT_TARGET = 14.4;
				MTL_ENABLE_DEBUG_INFO = INCLUDE_SOURCE;
				MTL_FAST_MATH = YES;
				ONLY_ACTIVE_ARCH = YES;
				SDKROOT = iphoneos;
				SWIFT_ACTIVE_COMPILATION_CONDITIONS = DEBUG;
				SWIFT_OPTIMIZATION_LEVEL = "-Onone";
			};
			name = Debug;
		};
		8533350325D7609A005BFF51 /* Release */ = {
			isa = XCBuildConfiguration;
			buildSettings = {
				ALWAYS_SEARCH_USER_PATHS = NO;
				CLANG_ANALYZER_NONNULL = YES;
				CLANG_ANALYZER_NUMBER_OBJECT_CONVERSION = YES_AGGRESSIVE;
				CLANG_CXX_LANGUAGE_STANDARD = "gnu++14";
				CLANG_CXX_LIBRARY = "libc++";
				CLANG_ENABLE_MODULES = YES;
				CLANG_ENABLE_OBJC_ARC = YES;
				CLANG_ENABLE_OBJC_WEAK = YES;
				CLANG_WARN_BLOCK_CAPTURE_AUTORELEASING = YES;
				CLANG_WARN_BOOL_CONVERSION = YES;
				CLANG_WARN_COMMA = YES;
				CLANG_WARN_CONSTANT_CONVERSION = YES;
				CLANG_WARN_DEPRECATED_OBJC_IMPLEMENTATIONS = YES;
				CLANG_WARN_DIRECT_OBJC_ISA_USAGE = YES_ERROR;
				CLANG_WARN_DOCUMENTATION_COMMENTS = YES;
				CLANG_WARN_EMPTY_BODY = YES;
				CLANG_WARN_ENUM_CONVERSION = YES;
				CLANG_WARN_INFINITE_RECURSION = YES;
				CLANG_WARN_INT_CONVERSION = YES;
				CLANG_WARN_NON_LITERAL_NULL_CONVERSION = YES;
				CLANG_WARN_OBJC_IMPLICIT_RETAIN_SELF = YES;
				CLANG_WARN_OBJC_LITERAL_CONVERSION = YES;
				CLANG_WARN_OBJC_ROOT_CLASS = YES_ERROR;
				CLANG_WARN_QUOTED_INCLUDE_IN_FRAMEWORK_HEADER = YES;
				CLANG_WARN_RANGE_LOOP_ANALYSIS = YES;
				CLANG_WARN_STRICT_PROTOTYPES = YES;
				CLANG_WARN_SUSPICIOUS_MOVE = YES;
				CLANG_WARN_UNGUARDED_AVAILABILITY = YES_AGGRESSIVE;
				CLANG_WARN_UNREACHABLE_CODE = YES;
				CLANG_WARN__DUPLICATE_METHOD_MATCH = YES;
				COPY_PHASE_STRIP = NO;
				DEBUG_INFORMATION_FORMAT = "dwarf-with-dsym";
				ENABLE_NS_ASSERTIONS = NO;
				ENABLE_STRICT_OBJC_MSGSEND = YES;
				GCC_C_LANGUAGE_STANDARD = gnu11;
				GCC_NO_COMMON_BLOCKS = YES;
				GCC_WARN_64_TO_32_BIT_CONVERSION = YES;
				GCC_WARN_ABOUT_RETURN_TYPE = YES_ERROR;
				GCC_WARN_UNDECLARED_SELECTOR = YES;
				GCC_WARN_UNINITIALIZED_AUTOS = YES_AGGRESSIVE;
				GCC_WARN_UNUSED_FUNCTION = YES;
				GCC_WARN_UNUSED_VARIABLE = YES;
				IPHONEOS_DEPLOYMENT_TARGET = 14.4;
				MTL_ENABLE_DEBUG_INFO = NO;
				MTL_FAST_MATH = YES;
				SDKROOT = iphoneos;
				SWIFT_COMPILATION_MODE = wholemodule;
				SWIFT_OPTIMIZATION_LEVEL = "-O";
				VALIDATE_PRODUCT = YES;
			};
			name = Release;
		};
		8533350525D7609A005BFF51 /* Debug */ = {
			isa = XCBuildConfiguration;
			buildSettings = {
				ASSETCATALOG_COMPILER_APPICON_NAME = AppIcon;
				ASSETCATALOG_COMPILER_GLOBAL_ACCENT_COLOR_NAME = AccentColor;
				CODE_SIGN_STYLE = Automatic;
				DEVELOPMENT_ASSET_PATHS = "\"Scrumdinger/Preview Content\"";
				DEVELOPMENT_TEAM = 526TV7QEE9;
				ENABLE_PREVIEWS = YES;
				INFOPLIST_FILE = Scrumdinger/Info.plist;
				IPHONEOS_DEPLOYMENT_TARGET = 14.0;
				LD_RUNPATH_SEARCH_PATHS = (
					"$(inherited)",
					"@executable_path/Frameworks",
				);
				PRODUCT_BUNDLE_IDENTIFIER = com.uperform.Scrumdinger;
				PRODUCT_NAME = "$(TARGET_NAME)";
				SWIFT_VERSION = 5.0;
				TARGETED_DEVICE_FAMILY = "1,2";
			};
			name = Debug;
		};
		8533350625D7609A005BFF51 /* Release */ = {
			isa = XCBuildConfiguration;
			buildSettings = {
				ASSETCATALOG_COMPILER_APPICON_NAME = AppIcon;
				ASSETCATALOG_COMPILER_GLOBAL_ACCENT_COLOR_NAME = AccentColor;
				CODE_SIGN_STYLE = Automatic;
				DEVELOPMENT_ASSET_PATHS = "\"Scrumdinger/Preview Content\"";
				DEVELOPMENT_TEAM = 526TV7QEE9;
				ENABLE_PREVIEWS = YES;
				INFOPLIST_FILE = Scrumdinger/Info.plist;
				IPHONEOS_DEPLOYMENT_TARGET = 14.0;
				LD_RUNPATH_SEARCH_PATHS = (
					"$(inherited)",
					"@executable_path/Frameworks",
				);
				PRODUCT_BUNDLE_IDENTIFIER = com.uperform.Scrumdinger;
				PRODUCT_NAME = "$(TARGET_NAME)";
				SWIFT_VERSION = 5.0;
				TARGETED_DEVICE_FAMILY = "1,2";
			};
			name = Release;
		};
		8533350825D7609A005BFF51 /* Debug */ = {
			isa = XCBuildConfiguration;
			buildSettings = {
				ALWAYS_EMBED_SWIFT_STANDARD_LIBRARIES = YES;
				BUNDLE_LOADER = "$(TEST_HOST)";
				CODE_SIGN_STYLE = Automatic;
				DEVELOPMENT_TEAM = 526TV7QEE9;
				INFOPLIST_FILE = ScrumdingerTests/Info.plist;
				IPHONEOS_DEPLOYMENT_TARGET = 14.0;
				LD_RUNPATH_SEARCH_PATHS = (
					"$(inherited)",
					"@executable_path/Frameworks",
					"@loader_path/Frameworks",
				);
				PRODUCT_BUNDLE_IDENTIFIER = com.uperform.ScrumdingerTests;
				PRODUCT_NAME = "$(TARGET_NAME)";
				SWIFT_VERSION = 5.0;
				TARGETED_DEVICE_FAMILY = "1,2";
				TEST_HOST = "$(BUILT_PRODUCTS_DIR)/Scrumdinger.app/Scrumdinger";
			};
			name = Debug;
		};
		8533350925D7609A005BFF51 /* Release */ = {
			isa = XCBuildConfiguration;
			buildSettings = {
				ALWAYS_EMBED_SWIFT_STANDARD_LIBRARIES = YES;
				BUNDLE_LOADER = "$(TEST_HOST)";
				CODE_SIGN_STYLE = Automatic;
				DEVELOPMENT_TEAM = 526TV7QEE9;
				INFOPLIST_FILE = ScrumdingerTests/Info.plist;
				IPHONEOS_DEPLOYMENT_TARGET = 14.0;
				LD_RUNPATH_SEARCH_PATHS = (
					"$(inherited)",
					"@executable_path/Frameworks",
					"@loader_path/Frameworks",
				);
				PRODUCT_BUNDLE_IDENTIFIER = com.uperform.ScrumdingerTests;
				PRODUCT_NAME = "$(TARGET_NAME)";
				SWIFT_VERSION = 5.0;
				TARGETED_DEVICE_FAMILY = "1,2";
				TEST_HOST = "$(BUILT_PRODUCTS_DIR)/Scrumdinger.app/Scrumdinger";
			};
			name = Release;
		};
		8533350B25D7609A005BFF51 /* Debug */ = {
			isa = XCBuildConfiguration;
			buildSettings = {
				ALWAYS_EMBED_SWIFT_STANDARD_LIBRARIES = YES;
				CODE_SIGN_STYLE = Automatic;
				DEVELOPMENT_TEAM = 526TV7QEE9;
				INFOPLIST_FILE = ScrumdingerUITests/Info.plist;
				LD_RUNPATH_SEARCH_PATHS = (
					"$(inherited)",
					"@executable_path/Frameworks",
					"@loader_path/Frameworks",
				);
				PRODUCT_BUNDLE_IDENTIFIER = com.uperform.ScrumdingerUITests;
				PRODUCT_NAME = "$(TARGET_NAME)";
				SWIFT_VERSION = 5.0;
				TARGETED_DEVICE_FAMILY = "1,2";
				TEST_TARGET_NAME = Scrumdinger;
			};
			name = Debug;
		};
		8533350C25D7609A005BFF51 /* Release */ = {
			isa = XCBuildConfiguration;
			buildSettings = {
				ALWAYS_EMBED_SWIFT_STANDARD_LIBRARIES = YES;
				CODE_SIGN_STYLE = Automatic;
				DEVELOPMENT_TEAM = 526TV7QEE9;
				INFOPLIST_FILE = ScrumdingerUITests/Info.plist;
				LD_RUNPATH_SEARCH_PATHS = (
					"$(inherited)",
					"@executable_path/Frameworks",
					"@loader_path/Frameworks",
				);
				PRODUCT_BUNDLE_IDENTIFIER = com.uperform.ScrumdingerUITests;
				PRODUCT_NAME = "$(TARGET_NAME)";
				SWIFT_VERSION = 5.0;
				TARGETED_DEVICE_FAMILY = "1,2";
				TEST_TARGET_NAME = Scrumdinger;
			};
			name = Release;
		};
/* End XCBuildConfiguration section */

/* Begin XCConfigurationList section */
		853334DA25D76096005BFF51 /* Build configuration list for PBXProject "Scrumdinger" */ = {
			isa = XCConfigurationList;
			buildConfigurations = (
				8533350225D7609A005BFF51 /* Debug */,
				8533350325D7609A005BFF51 /* Release */,
			);
			defaultConfigurationIsVisible = 0;
			defaultConfigurationName = Release;
		};
		8533350425D7609A005BFF51 /* Build configuration list for PBXNativeTarget "Scrumdinger" */ = {
			isa = XCConfigurationList;
			buildConfigurations = (
				8533350525D7609A005BFF51 /* Debug */,
				8533350625D7609A005BFF51 /* Release */,
			);
			defaultConfigurationIsVisible = 0;
			defaultConfigurationName = Release;
		};
		8533350725D7609A005BFF51 /* Build configuration list for PBXNativeTarget "ScrumdingerTests" */ = {
			isa = XCConfigurationList;
			buildConfigurations = (
				8533350825D7609A005BFF51 /* Debug */,
				8533350925D7609A005BFF51 /* Release */,
			);
			defaultConfigurationIsVisible = 0;
			defaultConfigurationName = Release;
		};
		8533350A25D7609A005BFF51 /* Build configuration list for PBXNativeTarget "ScrumdingerUITests" */ = {
			isa = XCConfigurationList;
			buildConfigurations = (
				8533350B25D7609A005BFF51 /* Debug */,
				8533350C25D7609A005BFF51 /* Release */,
			);
			defaultConfigurationIsVisible = 0;
			defaultConfigurationName = Release;
		};
/* End XCConfigurationList section */
	};
	rootObject = 853334D725D76096005BFF51 /* Project object */;
}
